// !$*UTF8*$!
{
	archiveVersion = 1;
	classes = {
	};
	objectVersion = 50;
	objects = {

/* Begin PBXBuildFile section */
		851B24152753BEF100291A0D /* LembreteDataSource.swift in Sources */ = {isa = PBXBuildFile; fileRef = 851B24142753BEF100291A0D /* LembreteDataSource.swift */; };
		851B24172753BFC900291A0D /* DetalheLembreteDataSource.swift in Sources */ = {isa = PBXBuildFile; fileRef = 851B24162753BFC900291A0D /* DetalheLembreteDataSource.swift */; };
		853F504B2752F50D00ED984B /* AppDelegate.swift in Sources */ = {isa = PBXBuildFile; fileRef = 853F504A2752F50D00ED984B /* AppDelegate.swift */; };
		853F504D2752F50D00ED984B /* SceneDelegate.swift in Sources */ = {isa = PBXBuildFile; fileRef = 853F504C2752F50D00ED984B /* SceneDelegate.swift */; };
		853F504F2752F50D00ED984B /* ViewController.swift in Sources */ = {isa = PBXBuildFile; fileRef = 853F504E2752F50D00ED984B /* ViewController.swift */; };
		853F50522752F50D00ED984B /* Main.storyboard in Resources */ = {isa = PBXBuildFile; fileRef = 853F50502752F50D00ED984B /* Main.storyboard */; };
		853F50542752F50E00ED984B /* Assets.xcassets in Resources */ = {isa = PBXBuildFile; fileRef = 853F50532752F50E00ED984B /* Assets.xcassets */; };
		853F50572752F50E00ED984B /* LaunchScreen.storyboard in Resources */ = {isa = PBXBuildFile; fileRef = 853F50552752F50E00ED984B /* LaunchScreen.storyboard */; };
		853F505F2752F54800ED984B /* Lembrete.swift in Sources */ = {isa = PBXBuildFile; fileRef = 853F505E2752F54800ED984B /* Lembrete.swift */; };
		853F50612753053400ED984B /* LembreteCell.swift in Sources */ = {isa = PBXBuildFile; fileRef = 853F50602753053400ED984B /* LembreteCell.swift */; };
		853F506527532D1900ED984B /* DetalheLembreteViewController.swift in Sources */ = {isa = PBXBuildFile; fileRef = 853F506427532D1900ED984B /* DetalheLembreteViewController.swift */; };
/* End PBXBuildFile section */

/* Begin PBXFileReference section */
		851B24142753BEF100291A0D /* LembreteDataSource.swift */ = {isa = PBXFileReference; lastKnownFileType = sourcecode.swift; path = LembreteDataSource.swift; sourceTree = "<group>"; };
		851B24162753BFC900291A0D /* DetalheLembreteDataSource.swift */ = {isa = PBXFileReference; lastKnownFileType = sourcecode.swift; path = DetalheLembreteDataSource.swift; sourceTree = "<group>"; };
		853F50472752F50D00ED984B /* Lembretes.app */ = {isa = PBXFileReference; explicitFileType = wrapper.application; includeInIndex = 0; path = Lembretes.app; sourceTree = BUILT_PRODUCTS_DIR; };
		853F504A2752F50D00ED984B /* AppDelegate.swift */ = {isa = PBXFileReference; lastKnownFileType = sourcecode.swift; path = AppDelegate.swift; sourceTree = "<group>"; };
		853F504C2752F50D00ED984B /* SceneDelegate.swift */ = {isa = PBXFileReference; lastKnownFileType = sourcecode.swift; path = SceneDelegate.swift; sourceTree = "<group>"; };
		853F504E2752F50D00ED984B /* ViewController.swift */ = {isa = PBXFileReference; lastKnownFileType = sourcecode.swift; path = ViewController.swift; sourceTree = "<group>"; };
		853F50512752F50D00ED984B /* Base */ = {isa = PBXFileReference; lastKnownFileType = file.storyboard; name = Base; path = Base.lproj/Main.storyboard; sourceTree = "<group>"; };
		853F50532752F50E00ED984B /* Assets.xcassets */ = {isa = PBXFileReference; lastKnownFileType = folder.assetcatalog; path = Assets.xcassets; sourceTree = "<group>"; };
		853F50562752F50E00ED984B /* Base */ = {isa = PBXFileReference; lastKnownFileType = file.storyboard; name = Base; path = Base.lproj/LaunchScreen.storyboard; sourceTree = "<group>"; };
		853F50582752F50E00ED984B /* Info.plist */ = {isa = PBXFileReference; lastKnownFileType = text.plist.xml; path = Info.plist; sourceTree = "<group>"; };
		853F505E2752F54800ED984B /* Lembrete.swift */ = {isa = PBXFileReference; lastKnownFileType = sourcecode.swift; path = Lembrete.swift; sourceTree = "<group>"; };
		853F50602753053400ED984B /* LembreteCell.swift */ = {isa = PBXFileReference; lastKnownFileType = sourcecode.swift; path = LembreteCell.swift; sourceTree = "<group>"; };
		853F506427532D1900ED984B /* DetalheLembreteViewController.swift */ = {isa = PBXFileReference; lastKnownFileType = sourcecode.swift; path = DetalheLembreteViewController.swift; sourceTree = "<group>"; };
/* End PBXFileReference section */

/* Begin PBXFrameworksBuildPhase section */
		853F50442752F50D00ED984B /* Frameworks */ = {
			isa = PBXFrameworksBuildPhase;
			buildActionMask = 2147483647;
			files = (
			);
			runOnlyForDeploymentPostprocessing = 0;
		};
/* End PBXFrameworksBuildPhase section */

/* Begin PBXGroup section */
		853F503E2752F50D00ED984B = {
			isa = PBXGroup;
			children = (
				853F50492752F50D00ED984B /* Lembretes */,
				853F50482752F50D00ED984B /* Products */,
			);
			sourceTree = "<group>";
		};
		853F50482752F50D00ED984B /* Products */ = {
			isa = PBXGroup;
			children = (
				853F50472752F50D00ED984B /* Lembretes.app */,
			);
			name = Products;
			sourceTree = "<group>";
		};
		853F50492752F50D00ED984B /* Lembretes */ = {
			isa = PBXGroup;
			children = (
				853F504A2752F50D00ED984B /* AppDelegate.swift */,
				853F504C2752F50D00ED984B /* SceneDelegate.swift */,
				853F504E2752F50D00ED984B /* ViewController.swift */,
				853F50502752F50D00ED984B /* Main.storyboard */,
				853F50532752F50E00ED984B /* Assets.xcassets */,
				853F50552752F50E00ED984B /* LaunchScreen.storyboard */,
				853F50582752F50E00ED984B /* Info.plist */,
				853F505E2752F54800ED984B /* Lembrete.swift */,
				853F50602753053400ED984B /* LembreteCell.swift */,
				853F506427532D1900ED984B /* DetalheLembreteViewController.swift */,
				851B24142753BEF100291A0D /* LembreteDataSource.swift */,
				851B24162753BFC900291A0D /* DetalheLembreteDataSource.swift */,
			);
			path = Lembretes;
			sourceTree = "<group>";
		};
/* End PBXGroup section */

/* Begin PBXNativeTarget section */
		853F50462752F50D00ED984B /* Lembretes */ = {
			isa = PBXNativeTarget;
			buildConfigurationList = 853F505B2752F50E00ED984B /* Build configuration list for PBXNativeTarget "Lembretes" */;
			buildPhases = (
				853F50432752F50D00ED984B /* Sources */,
				853F50442752F50D00ED984B /* Frameworks */,
				853F50452752F50D00ED984B /* Resources */,
			);
			buildRules = (
			);
			dependencies = (
			);
			name = Lembretes;
			productName = Lembretes;
			productReference = 853F50472752F50D00ED984B /* Lembretes.app */;
			productType = "com.apple.product-type.application";
		};
/* End PBXNativeTarget section */

/* Begin PBXProject section */
		853F503F2752F50D00ED984B /* Project object */ = {
			isa = PBXProject;
			attributes = {
				LastSwiftUpdateCheck = 1250;
				LastUpgradeCheck = 1250;
				TargetAttributes = {
					853F50462752F50D00ED984B = {
						CreatedOnToolsVersion = 12.5;
					};
				};
			};
			buildConfigurationList = 853F50422752F50D00ED984B /* Build configuration list for PBXProject "Lembretes" */;
			compatibilityVersion = "Xcode 9.3";
			developmentRegion = en;
			hasScannedForEncodings = 0;
			knownRegions = (
				en,
				Base,
			);
			mainGroup = 853F503E2752F50D00ED984B;
			productRefGroup = 853F50482752F50D00ED984B /* Products */;
			projectDirPath = "";
			projectRoot = "";
			targets = (
				853F50462752F50D00ED984B /* Lembretes */,
			);
		};
/* End PBXProject section */

/* Begin PBXResourcesBuildPhase section */
		853F50452752F50D00ED984B /* Resources */ = {
			isa = PBXResourcesBuildPhase;
			buildActionMask = 2147483647;
			files = (
				853F50572752F50E00ED984B /* LaunchScreen.storyboard in Resources */,
				853F50542752F50E00ED984B /* Assets.xcassets in Resources */,
				853F50522752F50D00ED984B /* Main.storyboard in Resources */,
			);
			runOnlyForDeploymentPostprocessing = 0;
		};
/* End PBXResourcesBuildPhase section */

/* Begin PBXSourcesBuildPhase section */
		853F50432752F50D00ED984B /* Sources */ = {
			isa = PBXSourcesBuildPhase;
			buildActionMask = 2147483647;
			files = (
				851B24152753BEF100291A0D /* LembreteDataSource.swift in Sources */,
				853F504F2752F50D00ED984B /* ViewController.swift in Sources */,
				853F505F2752F54800ED984B /* Lembrete.swift in Sources */,
				853F504B2752F50D00ED984B /* AppDelegate.swift in Sources */,
				851B24172753BFC900291A0D /* DetalheLembreteDataSource.swift in Sources */,
				853F50612753053400ED984B /* LembreteCell.swift in Sources */,
				853F506527532D1900ED984B /* DetalheLembreteViewController.swift in Sources */,
				853F504D2752F50D00ED984B /* SceneDelegate.swift in Sources */,
			);
			runOnlyForDeploymentPostprocessing = 0;
		};
/* End PBXSourcesBuildPhase section */

/* Begin PBXVariantGroup section */
		853F50502752F50D00ED984B /* Main.storyboard */ = {
			isa = PBXVariantGroup;
			children = (
				853F50512752F50D00ED984B /* Base */,
			);
			name = Main.storyboard;
			sourceTree = "<group>";
		};
		853F50552752F50E00ED984B /* LaunchScreen.storyboard */ = {
			isa = PBXVariantGroup;
			children = (
				853F50562752F50E00ED984B /* Base */,
			);
			name = LaunchScreen.storyboard;
			sourceTree = "<group>";
		};
/* End PBXVariantGroup section */

/* Begin XCBuildConfiguration section */
		853F50592752F50E00ED984B /* Debug */ = {
			isa = XCBuildConfiguration;
			buildSettings = {
				ALWAYS_SEARCH_USER_PATHS = NO;
				CLANG_ANALYZER_NONNULL = YES;
				CLANG_ANALYZER_NUMBER_OBJECT_CONVERSION = YES_AGGRESSIVE;
				CLANG_CXX_LANGUAGE_STANDARD = "gnu++14";
				CLANG_CXX_LIBRARY = "libc++";
				CLANG_ENABLE_MODULES = YES;
				CLANG_ENABLE_OBJC_ARC = YES;
				CLANG_ENABLE_OBJC_WEAK = YES;
				CLANG_WARN_BLOCK_CAPTURE_AUTORELEASING = YES;
				CLANG_WARN_BOOL_CONVERSION = YES;
				CLANG_WARN_COMMA = YES;
				CLANG_WARN_CONSTANT_CONVERSION = YES;
				CLANG_WARN_DEPRECATED_OBJC_IMPLEMENTATIONS = YES;
				CLANG_WARN_DIRECT_OBJC_ISA_USAGE = YES_ERROR;
				CLANG_WARN_DOCUMENTATION_COMMENTS = YES;
				CLANG_WARN_EMPTY_BODY = YES;
				CLANG_WARN_ENUM_CONVERSION = YES;
				CLANG_WARN_INFINITE_RECURSION = YES;
				CLANG_WARN_INT_CONVERSION = YES;
				CLANG_WARN_NON_LITERAL_NULL_CONVERSION = YES;
				CLANG_WARN_OBJC_IMPLICIT_RETAIN_SELF = YES;
				CLANG_WARN_OBJC_LITERAL_CONVERSION = YES;
				CLANG_WARN_OBJC_ROOT_CLASS = YES_ERROR;
				CLANG_WARN_QUOTED_INCLUDE_IN_FRAMEWORK_HEADER = YES;
				CLANG_WARN_RANGE_LOOP_ANALYSIS = YES;
				CLANG_WARN_STRICT_PROTOTYPES = YES;
				CLANG_WARN_SUSPICIOUS_MOVE = YES;
				CLANG_WARN_UNGUARDED_AVAILABILITY = YES_AGGRESSIVE;
				CLANG_WARN_UNREACHABLE_CODE = YES;
				CLANG_WARN__DUPLICATE_METHOD_MATCH = YES;
				COPY_PHASE_STRIP = NO;
				DEBUG_INFORMATION_FORMAT = dwarf;
				ENABLE_STRICT_OBJC_MSGSEND = YES;
				ENABLE_TESTABILITY = YES;
				GCC_C_LANGUAGE_STANDARD = gnu11;
				GCC_DYNAMIC_NO_PIC = NO;
				GCC_NO_COMMON_BLOCKS = YES;
				GCC_OPTIMIZATION_LEVEL = 0;
				GCC_PREPROCESSOR_DEFINITIONS = (
					"DEBUG=1",
					"$(inherited)",
				);
				GCC_WARN_64_TO_32_BIT_CONVERSION = YES;
				GCC_WARN_ABOUT_RETURN_TYPE = YES_ERROR;
				GCC_WARN_UNDECLARED_SELECTOR = YES;
				GCC_WARN_UNINITIALIZED_AUTOS = YES_AGGRESSIVE;
				GCC_WARN_UNUSED_FUNCTION = YES;
				GCC_WARN_UNUSED_VARIABLE = YES;
				IPHONEOS_DEPLOYMENT_TARGET = 14.5;
				MTL_ENABLE_DEBUG_INFO = INCLUDE_SOURCE;
				MTL_FAST_MATH = YES;
				ONLY_ACTIVE_ARCH = YES;
				SDKROOT = iphoneos;
				SWIFT_ACTIVE_COMPILATION_CONDITIONS = DEBUG;
				SWIFT_OPTIMIZATION_LEVEL = "-Onone";
			};
			name = Debug;
		};
		853F505A2752F50E00ED984B /* Release */ = {
			isa = XCBuildConfiguration;
			buildSettings = {
				ALWAYS_SEARCH_USER_PATHS = NO;
				CLANG_ANALYZER_NONNULL = YES;
				CLANG_ANALYZER_NUMBER_OBJECT_CONVERSION = YES_AGGRESSIVE;
				CLANG_CXX_LANGUAGE_STANDARD = "gnu++14";
				CLANG_CXX_LIBRARY = "libc++";
				CLANG_ENABLE_MODULES = YES;
				CLANG_ENABLE_OBJC_ARC = YES;
				CLANG_ENABLE_OBJC_WEAK = YES;
				CLANG_WARN_BLOCK_CAPTURE_AUTORELEASING = YES;
				CLANG_WARN_BOOL_CONVERSION = YES;
				CLANG_WARN_COMMA = YES;
				CLANG_WARN_CONSTANT_CONVERSION = YES;
				CLANG_WARN_DEPRECATED_OBJC_IMPLEMENTATIONS = YES;
				CLANG_WARN_DIRECT_OBJC_ISA_USAGE = YES_ERROR;
				CLANG_WARN_DOCUMENTATION_COMMENTS = YES;
				CLANG_WARN_EMPTY_BODY = YES;
				CLANG_WARN_ENUM_CONVERSION = YES;
				CLANG_WARN_INFINITE_RECURSION = YES;
				CLANG_WARN_INT_CONVERSION = YES;
				CLANG_WARN_NON_LITERAL_NULL_CONVERSION = YES;
				CLANG_WARN_OBJC_IMPLICIT_RETAIN_SELF = YES;
				CLANG_WARN_OBJC_LITERAL_CONVERSION = YES;
				CLANG_WARN_OBJC_ROOT_CLASS = YES_ERROR;
				CLANG_WARN_QUOTED_INCLUDE_IN_FRAMEWORK_HEADER = YES;
				CLANG_WARN_RANGE_LOOP_ANALYSIS = YES;
				CLANG_WARN_STRICT_PROTOTYPES = YES;
				CLANG_WARN_SUSPICIOUS_MOVE = YES;
				CLANG_WARN_UNGUARDED_AVAILABILITY = YES_AGGRESSIVE;
				CLANG_WARN_UNREACHABLE_CODE = YES;
				CLANG_WARN__DUPLICATE_METHOD_MATCH = YES;
				COPY_PHASE_STRIP = NO;
				DEBUG_INFORMATION_FORMAT = "dwarf-with-dsym";
				ENABLE_NS_ASSERTIONS = NO;
				ENABLE_STRICT_OBJC_MSGSEND = YES;
				GCC_C_LANGUAGE_STANDARD = gnu11;
				GCC_NO_COMMON_BLOCKS = YES;
				GCC_WARN_64_TO_32_BIT_CONVERSION = YES;
				GCC_WARN_ABOUT_RETURN_TYPE = YES_ERROR;
				GCC_WARN_UNDECLARED_SELECTOR = YES;
				GCC_WARN_UNINITIALIZED_AUTOS = YES_AGGRESSIVE;
				GCC_WARN_UNUSED_FUNCTION = YES;
				GCC_WARN_UNUSED_VARIABLE = YES;
				IPHONEOS_DEPLOYMENT_TARGET = 14.5;
				MTL_ENABLE_DEBUG_INFO = NO;
				MTL_FAST_MATH = YES;
				SDKROOT = iphoneos;
				SWIFT_COMPILATION_MODE = wholemodule;
				SWIFT_OPTIMIZATION_LEVEL = "-O";
				VALIDATE_PRODUCT = YES;
			};
			name = Release;
		};
		853F505C2752F50E00ED984B /* Debug */ = {
			isa = XCBuildConfiguration;
			buildSettings = {
				ASSETCATALOG_COMPILER_APPICON_NAME = AppIcon;
				ASSETCATALOG_COMPILER_GLOBAL_ACCENT_COLOR_NAME = AccentColor;
				CODE_SIGN_STYLE = Automatic;
				DEVELOPMENT_TEAM = CFSW3AA3PQ;
				INFOPLIST_FILE = Lembretes/Info.plist;
				LD_RUNPATH_SEARCH_PATHS = (
					"$(inherited)",
					"@executable_path/Frameworks",
				);
				PRODUCT_BUNDLE_IDENTIFIER = dio.mvc.beatriz.Lembretes;
				PRODUCT_NAME = "$(TARGET_NAME)";
				SWIFT_VERSION = 5.0;
				TARGETED_DEVICE_FAMILY = "1,2";
			};
			name = Debug;
		};
		853F505D2752F50E00ED984B /* Release */ = {
			isa = XCBuildConfiguration;
			buildSettings = {
				ASSETCATALOG_COMPILER_APPICON_NAME = AppIcon;
				ASSETCATALOG_COMPILER_GLOBAL_ACCENT_COLOR_NAME = AccentColor;
				CODE_SIGN_STYLE = Automatic;
				DEVELOPMENT_TEAM = CFSW3AA3PQ;
				INFOPLIST_FILE = Lembretes/Info.plist;
				LD_RUNPATH_SEARCH_PATHS = (
					"$(inherited)",
					"@executable_path/Frameworks",
				);
				PRODUCT_BUNDLE_IDENTIFIER = dio.mvc.beatriz.Lembretes;
				PRODUCT_NAME = "$(TARGET_NAME)";
				SWIFT_VERSION = 5.0;
				TARGETED_DEVICE_FAMILY = "1,2";
			};
			name = Release;
		};
/* End XCBuildConfiguration section */

/* Begin XCConfigurationList section */
		853F50422752F50D00ED984B /* Build configuration list for PBXProject "Lembretes" */ = {
			isa = XCConfigurationList;
			buildConfigurations = (
				853F50592752F50E00ED984B /* Debug */,
				853F505A2752F50E00ED984B /* Release */,
			);
			defaultConfigurationIsVisible = 0;
			defaultConfigurationName = Release;
		};
		853F505B2752F50E00ED984B /* Build configuration list for PBXNativeTarget "Lembretes" */ = {
			isa = XCConfigurationList;
			buildConfigurations = (
				853F505C2752F50E00ED984B /* Debug */,
				853F505D2752F50E00ED984B /* Release */,
			);
			defaultConfigurationIsVisible = 0;
			defaultConfigurationName = Release;
		};
/* End XCConfigurationList section */
	};
	rootObject = 853F503F2752F50D00ED984B /* Project object */;
}
